// !$*UTF8*$!
{
	archiveVersion = 1;
	classes = {
	};
	objectVersion = 56;
	objects = {

/* Begin PBXBuildFile section */
		61CF95452A8948D600DAE635 /* AppDelegate.swift in Sources */ = {isa = PBXBuildFile; fileRef = 61CF95442A8948D600DAE635 /* AppDelegate.swift */; };
		61CF95472A8948D600DAE635 /* SceneDelegate.swift in Sources */ = {isa = PBXBuildFile; fileRef = 61CF95462A8948D600DAE635 /* SceneDelegate.swift */; };
		61CF95492A8948D600DAE635 /* ViewController.swift in Sources */ = {isa = PBXBuildFile; fileRef = 61CF95482A8948D600DAE635 /* ViewController.swift */; };
		61CF954C2A8948D600DAE635 /* Main.storyboard in Resources */ = {isa = PBXBuildFile; fileRef = 61CF954A2A8948D600DAE635 /* Main.storyboard */; };
		61CF954E2A8948D900DAE635 /* Assets.xcassets in Resources */ = {isa = PBXBuildFile; fileRef = 61CF954D2A8948D900DAE635 /* Assets.xcassets */; };
		61CF95512A8948D900DAE635 /* LaunchScreen.storyboard in Resources */ = {isa = PBXBuildFile; fileRef = 61CF954F2A8948D900DAE635 /* LaunchScreen.storyboard */; };
		61CF955C2A8948DA00DAE635 /* CameraTokTests.swift in Sources */ = {isa = PBXBuildFile; fileRef = 61CF955B2A8948DA00DAE635 /* CameraTokTests.swift */; };
		61CF95662A8948DA00DAE635 /* CameraTokUITests.swift in Sources */ = {isa = PBXBuildFile; fileRef = 61CF95652A8948DA00DAE635 /* CameraTokUITests.swift */; };
		61CF95682A8948DA00DAE635 /* CameraTokUITestsLaunchTests.swift in Sources */ = {isa = PBXBuildFile; fileRef = 61CF95672A8948DA00DAE635 /* CameraTokUITestsLaunchTests.swift */; };
		61CF95802A894A1300DAE635 /* VideoTests.swift in Sources */ = {isa = PBXBuildFile; fileRef = 61CF957F2A894A1300DAE635 /* VideoTests.swift */; };
		61CF95822A894A5900DAE635 /* Video.swift in Sources */ = {isa = PBXBuildFile; fileRef = 61CF95812A894A5900DAE635 /* Video.swift */; };
		61CF958B2A89530800DAE635 /* GalleryTests.swift in Sources */ = {isa = PBXBuildFile; fileRef = 61CF958A2A89530800DAE635 /* GalleryTests.swift */; };
		61CF958D2A89542800DAE635 /* GalleryProvider.swift in Sources */ = {isa = PBXBuildFile; fileRef = 61CF958C2A89542800DAE635 /* GalleryProvider.swift */; };
		61CF958F2A8955E400DAE635 /* output.mp4 in Resources */ = {isa = PBXBuildFile; fileRef = 61CF958E2A8955D500DAE635 /* output.mp4 */; };
		61CF95912A89679300DAE635 /* GalleryViewModel.swift in Sources */ = {isa = PBXBuildFile; fileRef = 61CF95902A89679300DAE635 /* GalleryViewModel.swift */; };
		61CF95942A89CF1C00DAE635 /* RemoteGallery.swift in Sources */ = {isa = PBXBuildFile; fileRef = 61CF95932A89CF1C00DAE635 /* RemoteGallery.swift */; };
		61CF95962A89CF3000DAE635 /* GalleryProviderSource.swift in Sources */ = {isa = PBXBuildFile; fileRef = 61CF95952A89CF3000DAE635 /* GalleryProviderSource.swift */; };
		61CF95992A89D47D00DAE635 /* GalleryView.swift in Sources */ = {isa = PBXBuildFile; fileRef = 61CF95982A89D47D00DAE635 /* GalleryView.swift */; };
		61CF959B2A89D4B100DAE635 /* GalleryThumbnail.swift in Sources */ = {isa = PBXBuildFile; fileRef = 61CF959A2A89D4B100DAE635 /* GalleryThumbnail.swift */; };
/* End PBXBuildFile section */

/* Begin PBXContainerItemProxy section */
		61CF95582A8948DA00DAE635 /* PBXContainerItemProxy */ = {
			isa = PBXContainerItemProxy;
			containerPortal = 61CF95392A8948D600DAE635 /* Project object */;
			proxyType = 1;
			remoteGlobalIDString = 61CF95402A8948D600DAE635;
			remoteInfo = CameraTok;
		};
		61CF95622A8948DA00DAE635 /* PBXContainerItemProxy */ = {
			isa = PBXContainerItemProxy;
			containerPortal = 61CF95392A8948D600DAE635 /* Project object */;
			proxyType = 1;
			remoteGlobalIDString = 61CF95402A8948D600DAE635;
			remoteInfo = CameraTok;
		};
/* End PBXContainerItemProxy section */

/* Begin PBXFileReference section */
		61CF95412A8948D600DAE635 /* CameraTok.app */ = {isa = PBXFileReference; explicitFileType = wrapper.application; includeInIndex = 0; path = CameraTok.app; sourceTree = BUILT_PRODUCTS_DIR; };
		61CF95442A8948D600DAE635 /* AppDelegate.swift */ = {isa = PBXFileReference; lastKnownFileType = sourcecode.swift; path = AppDelegate.swift; sourceTree = "<group>"; };
		61CF95462A8948D600DAE635 /* SceneDelegate.swift */ = {isa = PBXFileReference; lastKnownFileType = sourcecode.swift; path = SceneDelegate.swift; sourceTree = "<group>"; };
		61CF95482A8948D600DAE635 /* ViewController.swift */ = {isa = PBXFileReference; lastKnownFileType = sourcecode.swift; path = ViewController.swift; sourceTree = "<group>"; };
		61CF954B2A8948D600DAE635 /* Base */ = {isa = PBXFileReference; lastKnownFileType = file.storyboard; name = Base; path = Base.lproj/Main.storyboard; sourceTree = "<group>"; };
		61CF954D2A8948D900DAE635 /* Assets.xcassets */ = {isa = PBXFileReference; lastKnownFileType = folder.assetcatalog; path = Assets.xcassets; sourceTree = "<group>"; };
		61CF95502A8948D900DAE635 /* Base */ = {isa = PBXFileReference; lastKnownFileType = file.storyboard; name = Base; path = Base.lproj/LaunchScreen.storyboard; sourceTree = "<group>"; };
		61CF95522A8948D900DAE635 /* Info.plist */ = {isa = PBXFileReference; lastKnownFileType = text.plist.xml; path = Info.plist; sourceTree = "<group>"; };
		61CF95572A8948DA00DAE635 /* CameraTokTests.xctest */ = {isa = PBXFileReference; explicitFileType = wrapper.cfbundle; includeInIndex = 0; path = CameraTokTests.xctest; sourceTree = BUILT_PRODUCTS_DIR; };
		61CF955B2A8948DA00DAE635 /* CameraTokTests.swift */ = {isa = PBXFileReference; lastKnownFileType = sourcecode.swift; path = CameraTokTests.swift; sourceTree = "<group>"; };
		61CF95612A8948DA00DAE635 /* CameraTokUITests.xctest */ = {isa = PBXFileReference; explicitFileType = wrapper.cfbundle; includeInIndex = 0; path = CameraTokUITests.xctest; sourceTree = BUILT_PRODUCTS_DIR; };
		61CF95652A8948DA00DAE635 /* CameraTokUITests.swift */ = {isa = PBXFileReference; lastKnownFileType = sourcecode.swift; path = CameraTokUITests.swift; sourceTree = "<group>"; };
		61CF95672A8948DA00DAE635 /* CameraTokUITestsLaunchTests.swift */ = {isa = PBXFileReference; lastKnownFileType = sourcecode.swift; path = CameraTokUITestsLaunchTests.swift; sourceTree = "<group>"; };
		61CF957F2A894A1300DAE635 /* VideoTests.swift */ = {isa = PBXFileReference; lastKnownFileType = sourcecode.swift; path = VideoTests.swift; sourceTree = "<group>"; };
		61CF95812A894A5900DAE635 /* Video.swift */ = {isa = PBXFileReference; lastKnownFileType = sourcecode.swift; path = Video.swift; sourceTree = "<group>"; };
		61CF958A2A89530800DAE635 /* GalleryTests.swift */ = {isa = PBXFileReference; lastKnownFileType = sourcecode.swift; path = GalleryTests.swift; sourceTree = "<group>"; };
		61CF958C2A89542800DAE635 /* GalleryProvider.swift */ = {isa = PBXFileReference; lastKnownFileType = sourcecode.swift; path = GalleryProvider.swift; sourceTree = "<group>"; };
		61CF958E2A8955D500DAE635 /* output.mp4 */ = {isa = PBXFileReference; lastKnownFileType = file; path = output.mp4; sourceTree = "<group>"; };
		61CF95902A89679300DAE635 /* GalleryViewModel.swift */ = {isa = PBXFileReference; lastKnownFileType = sourcecode.swift; path = GalleryViewModel.swift; sourceTree = "<group>"; };
		61CF95932A89CF1C00DAE635 /* RemoteGallery.swift */ = {isa = PBXFileReference; lastKnownFileType = sourcecode.swift; path = RemoteGallery.swift; sourceTree = "<group>"; };
		61CF95952A89CF3000DAE635 /* GalleryProviderSource.swift */ = {isa = PBXFileReference; lastKnownFileType = sourcecode.swift; path = GalleryProviderSource.swift; sourceTree = "<group>"; };
		61CF95982A89D47D00DAE635 /* GalleryView.swift */ = {isa = PBXFileReference; lastKnownFileType = sourcecode.swift; path = GalleryView.swift; sourceTree = "<group>"; };
		61CF959A2A89D4B100DAE635 /* GalleryThumbnail.swift */ = {isa = PBXFileReference; lastKnownFileType = sourcecode.swift; path = GalleryThumbnail.swift; sourceTree = "<group>"; };
/* End PBXFileReference section */

/* Begin PBXFrameworksBuildPhase section */
		61CF953E2A8948D600DAE635 /* Frameworks */ = {
			isa = PBXFrameworksBuildPhase;
			buildActionMask = 2147483647;
			files = (
			);
			runOnlyForDeploymentPostprocessing = 0;
		};
		61CF95542A8948DA00DAE635 /* Frameworks */ = {
			isa = PBXFrameworksBuildPhase;
			buildActionMask = 2147483647;
			files = (
			);
			runOnlyForDeploymentPostprocessing = 0;
		};
		61CF955E2A8948DA00DAE635 /* Frameworks */ = {
			isa = PBXFrameworksBuildPhase;
			buildActionMask = 2147483647;
			files = (
			);
			runOnlyForDeploymentPostprocessing = 0;
		};
/* End PBXFrameworksBuildPhase section */

/* Begin PBXGroup section */
		61CF95382A8948D600DAE635 = {
			isa = PBXGroup;
			children = (
				61CF95432A8948D600DAE635 /* CameraTok */,
				61CF955A2A8948DA00DAE635 /* CameraTokTests */,
				61CF95642A8948DA00DAE635 /* CameraTokUITests */,
				61CF95422A8948D600DAE635 /* Products */,
			);
			sourceTree = "<group>";
		};
		61CF95422A8948D600DAE635 /* Products */ = {
			isa = PBXGroup;
			children = (
				61CF95412A8948D600DAE635 /* CameraTok.app */,
				61CF95572A8948DA00DAE635 /* CameraTokTests.xctest */,
				61CF95612A8948DA00DAE635 /* CameraTokUITests.xctest */,
			);
			name = Products;
			sourceTree = "<group>";
		};
		61CF95432A8948D600DAE635 /* CameraTok */ = {
			isa = PBXGroup;
			children = (
				61CF95772A8948F100DAE635 /* Components */,
				61CF95762A8948EB00DAE635 /* API */,
				61CF95752A8948E700DAE635 /* Model */,
				61CF95742A8948E100DAE635 /* Features */,
				61CF95442A8948D600DAE635 /* AppDelegate.swift */,
				61CF95462A8948D600DAE635 /* SceneDelegate.swift */,
				61CF95482A8948D600DAE635 /* ViewController.swift */,
				61CF954A2A8948D600DAE635 /* Main.storyboard */,
				61CF954D2A8948D900DAE635 /* Assets.xcassets */,
				61CF954F2A8948D900DAE635 /* LaunchScreen.storyboard */,
				61CF95522A8948D900DAE635 /* Info.plist */,
			);
			path = CameraTok;
			sourceTree = "<group>";
		};
		61CF955A2A8948DA00DAE635 /* CameraTokTests */ = {
			isa = PBXGroup;
			children = (
				61CF95892A8952F300DAE635 /* App */,
				61CF95832A894E6D00DAE635 /* Resources */,
				61CF955B2A8948DA00DAE635 /* CameraTokTests.swift */,
			);
			path = CameraTokTests;
			sourceTree = "<group>";
		};
		61CF95642A8948DA00DAE635 /* CameraTokUITests */ = {
			isa = PBXGroup;
			children = (
				61CF95652A8948DA00DAE635 /* CameraTokUITests.swift */,
				61CF95672A8948DA00DAE635 /* CameraTokUITestsLaunchTests.swift */,
			);
			path = CameraTokUITests;
			sourceTree = "<group>";
		};
		61CF95742A8948E100DAE635 /* Features */ = {
			isa = PBXGroup;
			children = (
				61CF957C2A89493800DAE635 /* Reel */,
				61CF957B2A89492A00DAE635 /* Gallery */,
			);
			path = Features;
			sourceTree = "<group>";
		};
		61CF95752A8948E700DAE635 /* Model */ = {
			isa = PBXGroup;
			children = (
				61CF95812A894A5900DAE635 /* Video.swift */,
			);
			path = Model;
			sourceTree = "<group>";
		};
		61CF95762A8948EB00DAE635 /* API */ = {
			isa = PBXGroup;
			children = (
			);
			path = API;
			sourceTree = "<group>";
		};
		61CF95772A8948F100DAE635 /* Components */ = {
			isa = PBXGroup;
			children = (
				61CF957A2A89491600DAE635 /* Players */,
				61CF95792A89490500DAE635 /* Buttons */,
				61CF95782A8948FC00DAE635 /* Animations */,
			);
			path = Components;
			sourceTree = "<group>";
		};
		61CF95782A8948FC00DAE635 /* Animations */ = {
			isa = PBXGroup;
			children = (
			);
			path = Animations;
			sourceTree = "<group>";
		};
		61CF95792A89490500DAE635 /* Buttons */ = {
			isa = PBXGroup;
			children = (
			);
			path = Buttons;
			sourceTree = "<group>";
		};
		61CF957A2A89491600DAE635 /* Players */ = {
			isa = PBXGroup;
			children = (
			);
			path = Players;
			sourceTree = "<group>";
		};
		61CF957B2A89492A00DAE635 /* Gallery */ = {
			isa = PBXGroup;
			children = (
				61CF95972A89CF4F00DAE635 /* Datasource */,
				61CF95902A89679300DAE635 /* GalleryViewModel.swift */,
				61CF95982A89D47D00DAE635 /* GalleryView.swift */,
				61CF959A2A89D4B100DAE635 /* GalleryThumbnail.swift */,
			);
			path = Gallery;
			sourceTree = "<group>";
		};
		61CF957C2A89493800DAE635 /* Reel */ = {
			isa = PBXGroup;
			children = (
			);
			path = Reel;
			sourceTree = "<group>";
		};
		61CF957E2A8949FF00DAE635 /* Models */ = {
			isa = PBXGroup;
			children = (
				61CF957F2A894A1300DAE635 /* VideoTests.swift */,
			);
			path = Models;
			sourceTree = "<group>";
		};
		61CF95832A894E6D00DAE635 /* Resources */ = {
			isa = PBXGroup;
			children = (
				61CF958E2A8955D500DAE635 /* output.mp4 */,
			);
			path = Resources;
			sourceTree = "<group>";
		};
		61CF95862A8952BE00DAE635 /* Features */ = {
			isa = PBXGroup;
			children = (
				61CF958A2A89530800DAE635 /* GalleryTests.swift */,
			);
			path = Features;
			sourceTree = "<group>";
		};
		61CF95892A8952F300DAE635 /* App */ = {
			isa = PBXGroup;
			children = (
				61CF95862A8952BE00DAE635 /* Features */,
				61CF957E2A8949FF00DAE635 /* Models */,
			);
			path = App;
			sourceTree = "<group>";
		};
		61CF95922A89CEFD00DAE635 /* RemoteGallery */ = {
			isa = PBXGroup;
			children = (
				61CF95932A89CF1C00DAE635 /* RemoteGallery.swift */,
			);
			path = RemoteGallery;
			sourceTree = "<group>";
		};
		61CF95972A89CF4F00DAE635 /* Datasource */ = {
			isa = PBXGroup;
			children = (
				61CF958C2A89542800DAE635 /* GalleryProvider.swift */,
				61CF95952A89CF3000DAE635 /* GalleryProviderSource.swift */,
				61CF95922A89CEFD00DAE635 /* RemoteGallery */,
			);
			path = Datasource;
			sourceTree = "<group>";
		};
/* End PBXGroup section */

/* Begin PBXNativeTarget section */
		61CF95402A8948D600DAE635 /* CameraTok */ = {
			isa = PBXNativeTarget;
			buildConfigurationList = 61CF956B2A8948DA00DAE635 /* Build configuration list for PBXNativeTarget "CameraTok" */;
			buildPhases = (
				61CF953D2A8948D600DAE635 /* Sources */,
				61CF953E2A8948D600DAE635 /* Frameworks */,
				61CF953F2A8948D600DAE635 /* Resources */,
			);
			buildRules = (
			);
			dependencies = (
			);
			name = CameraTok;
			productName = CameraTok;
			productReference = 61CF95412A8948D600DAE635 /* CameraTok.app */;
			productType = "com.apple.product-type.application";
		};
		61CF95562A8948DA00DAE635 /* CameraTokTests */ = {
			isa = PBXNativeTarget;
			buildConfigurationList = 61CF956E2A8948DA00DAE635 /* Build configuration list for PBXNativeTarget "CameraTokTests" */;
			buildPhases = (
				61CF95532A8948DA00DAE635 /* Sources */,
				61CF95542A8948DA00DAE635 /* Frameworks */,
				61CF95552A8948DA00DAE635 /* Resources */,
			);
			buildRules = (
			);
			dependencies = (
				61CF95592A8948DA00DAE635 /* PBXTargetDependency */,
			);
			name = CameraTokTests;
			productName = CameraTokTests;
			productReference = 61CF95572A8948DA00DAE635 /* CameraTokTests.xctest */;
			productType = "com.apple.product-type.bundle.unit-test";
		};
		61CF95602A8948DA00DAE635 /* CameraTokUITests */ = {
			isa = PBXNativeTarget;
			buildConfigurationList = 61CF95712A8948DA00DAE635 /* Build configuration list for PBXNativeTarget "CameraTokUITests" */;
			buildPhases = (
				61CF955D2A8948DA00DAE635 /* Sources */,
				61CF955E2A8948DA00DAE635 /* Frameworks */,
				61CF955F2A8948DA00DAE635 /* Resources */,
			);
			buildRules = (
			);
			dependencies = (
				61CF95632A8948DA00DAE635 /* PBXTargetDependency */,
			);
			name = CameraTokUITests;
			productName = CameraTokUITests;
			productReference = 61CF95612A8948DA00DAE635 /* CameraTokUITests.xctest */;
			productType = "com.apple.product-type.bundle.ui-testing";
		};
/* End PBXNativeTarget section */

/* Begin PBXProject section */
		61CF95392A8948D600DAE635 /* Project object */ = {
			isa = PBXProject;
			attributes = {
				BuildIndependentTargetsInParallel = 1;
				LastSwiftUpdateCheck = 1500;
				LastUpgradeCheck = 1500;
				TargetAttributes = {
					61CF95402A8948D600DAE635 = {
						CreatedOnToolsVersion = 15.0;
					};
					61CF95562A8948DA00DAE635 = {
						CreatedOnToolsVersion = 15.0;
						TestTargetID = 61CF95402A8948D600DAE635;
					};
					61CF95602A8948DA00DAE635 = {
						CreatedOnToolsVersion = 15.0;
						TestTargetID = 61CF95402A8948D600DAE635;
					};
				};
			};
			buildConfigurationList = 61CF953C2A8948D600DAE635 /* Build configuration list for PBXProject "CameraTok" */;
			compatibilityVersion = "Xcode 14.0";
			developmentRegion = en;
			hasScannedForEncodings = 0;
			knownRegions = (
				en,
				Base,
			);
			mainGroup = 61CF95382A8948D600DAE635;
			productRefGroup = 61CF95422A8948D600DAE635 /* Products */;
			projectDirPath = "";
			projectRoot = "";
			targets = (
				61CF95402A8948D600DAE635 /* CameraTok */,
				61CF95562A8948DA00DAE635 /* CameraTokTests */,
				61CF95602A8948DA00DAE635 /* CameraTokUITests */,
			);
		};
/* End PBXProject section */

/* Begin PBXResourcesBuildPhase section */
		61CF953F2A8948D600DAE635 /* Resources */ = {
			isa = PBXResourcesBuildPhase;
			buildActionMask = 2147483647;
			files = (
				61CF95512A8948D900DAE635 /* LaunchScreen.storyboard in Resources */,
				61CF954E2A8948D900DAE635 /* Assets.xcassets in Resources */,
				61CF954C2A8948D600DAE635 /* Main.storyboard in Resources */,
			);
			runOnlyForDeploymentPostprocessing = 0;
		};
		61CF95552A8948DA00DAE635 /* Resources */ = {
			isa = PBXResourcesBuildPhase;
			buildActionMask = 2147483647;
			files = (
				61CF958F2A8955E400DAE635 /* output.mp4 in Resources */,
			);
			runOnlyForDeploymentPostprocessing = 0;
		};
		61CF955F2A8948DA00DAE635 /* Resources */ = {
			isa = PBXResourcesBuildPhase;
			buildActionMask = 2147483647;
			files = (
			);
			runOnlyForDeploymentPostprocessing = 0;
		};
/* End PBXResourcesBuildPhase section */

/* Begin PBXSourcesBuildPhase section */
		61CF953D2A8948D600DAE635 /* Sources */ = {
			isa = PBXSourcesBuildPhase;
			buildActionMask = 2147483647;
			files = (
				61CF95492A8948D600DAE635 /* ViewController.swift in Sources */,
				61CF959B2A89D4B100DAE635 /* GalleryThumbnail.swift in Sources */,
				61CF95912A89679300DAE635 /* GalleryViewModel.swift in Sources */,
				61CF95962A89CF3000DAE635 /* GalleryProviderSource.swift in Sources */,
				61CF95942A89CF1C00DAE635 /* RemoteGallery.swift in Sources */,
				61CF95822A894A5900DAE635 /* Video.swift in Sources */,
				61CF958D2A89542800DAE635 /* GalleryProvider.swift in Sources */,
				61CF95452A8948D600DAE635 /* AppDelegate.swift in Sources */,
				61CF95992A89D47D00DAE635 /* GalleryView.swift in Sources */,
				61CF95472A8948D600DAE635 /* SceneDelegate.swift in Sources */,
			);
			runOnlyForDeploymentPostprocessing = 0;
		};
		61CF95532A8948DA00DAE635 /* Sources */ = {
			isa = PBXSourcesBuildPhase;
			buildActionMask = 2147483647;
			files = (
				61CF955C2A8948DA00DAE635 /* CameraTokTests.swift in Sources */,
				61CF95802A894A1300DAE635 /* VideoTests.swift in Sources */,
				61CF958B2A89530800DAE635 /* GalleryTests.swift in Sources */,
			);
			runOnlyForDeploymentPostprocessing = 0;
		};
		61CF955D2A8948DA00DAE635 /* Sources */ = {
			isa = PBXSourcesBuildPhase;
			buildActionMask = 2147483647;
			files = (
				61CF95682A8948DA00DAE635 /* CameraTokUITestsLaunchTests.swift in Sources */,
				61CF95662A8948DA00DAE635 /* CameraTokUITests.swift in Sources */,
			);
			runOnlyForDeploymentPostprocessing = 0;
		};
/* End PBXSourcesBuildPhase section */

/* Begin PBXTargetDependency section */
		61CF95592A8948DA00DAE635 /* PBXTargetDependency */ = {
			isa = PBXTargetDependency;
			target = 61CF95402A8948D600DAE635 /* CameraTok */;
			targetProxy = 61CF95582A8948DA00DAE635 /* PBXContainerItemProxy */;
		};
		61CF95632A8948DA00DAE635 /* PBXTargetDependency */ = {
			isa = PBXTargetDependency;
			target = 61CF95402A8948D600DAE635 /* CameraTok */;
			targetProxy = 61CF95622A8948DA00DAE635 /* PBXContainerItemProxy */;
		};
/* End PBXTargetDependency section */

/* Begin PBXVariantGroup section */
		61CF954A2A8948D600DAE635 /* Main.storyboard */ = {
			isa = PBXVariantGroup;
			children = (
				61CF954B2A8948D600DAE635 /* Base */,
			);
			name = Main.storyboard;
			sourceTree = "<group>";
		};
		61CF954F2A8948D900DAE635 /* LaunchScreen.storyboard */ = {
			isa = PBXVariantGroup;
			children = (
				61CF95502A8948D900DAE635 /* Base */,
			);
			name = LaunchScreen.storyboard;
			sourceTree = "<group>";
		};
/* End PBXVariantGroup section */

/* Begin XCBuildConfiguration section */
		61CF95692A8948DA00DAE635 /* Debug */ = {
			isa = XCBuildConfiguration;
			buildSettings = {
				ALWAYS_SEARCH_USER_PATHS = NO;
				ASSETCATALOG_COMPILER_GENERATE_SWIFT_ASSET_SYMBOL_EXTENSIONS = YES;
				CLANG_ANALYZER_NONNULL = YES;
				CLANG_ANALYZER_NUMBER_OBJECT_CONVERSION = YES_AGGRESSIVE;
				CLANG_CXX_LANGUAGE_STANDARD = "gnu++20";
				CLANG_ENABLE_MODULES = YES;
				CLANG_ENABLE_OBJC_ARC = YES;
				CLANG_ENABLE_OBJC_WEAK = YES;
				CLANG_WARN_BLOCK_CAPTURE_AUTORELEASING = YES;
				CLANG_WARN_BOOL_CONVERSION = YES;
				CLANG_WARN_COMMA = YES;
				CLANG_WARN_CONSTANT_CONVERSION = YES;
				CLANG_WARN_DEPRECATED_OBJC_IMPLEMENTATIONS = YES;
				CLANG_WARN_DIRECT_OBJC_ISA_USAGE = YES_ERROR;
				CLANG_WARN_DOCUMENTATION_COMMENTS = YES;
				CLANG_WARN_EMPTY_BODY = YES;
				CLANG_WARN_ENUM_CONVERSION = YES;
				CLANG_WARN_INFINITE_RECURSION = YES;
				CLANG_WARN_INT_CONVERSION = YES;
				CLANG_WARN_NON_LITERAL_NULL_CONVERSION = YES;
				CLANG_WARN_OBJC_IMPLICIT_RETAIN_SELF = YES;
				CLANG_WARN_OBJC_LITERAL_CONVERSION = YES;
				CLANG_WARN_OBJC_ROOT_CLASS = YES_ERROR;
				CLANG_WARN_QUOTED_INCLUDE_IN_FRAMEWORK_HEADER = YES;
				CLANG_WARN_RANGE_LOOP_ANALYSIS = YES;
				CLANG_WARN_STRICT_PROTOTYPES = YES;
				CLANG_WARN_SUSPICIOUS_MOVE = YES;
				CLANG_WARN_UNGUARDED_AVAILABILITY = YES_AGGRESSIVE;
				CLANG_WARN_UNREACHABLE_CODE = YES;
				CLANG_WARN__DUPLICATE_METHOD_MATCH = YES;
				COPY_PHASE_STRIP = NO;
				DEBUG_INFORMATION_FORMAT = dwarf;
				ENABLE_STRICT_OBJC_MSGSEND = YES;
				ENABLE_TESTABILITY = YES;
				ENABLE_USER_SCRIPT_SANDBOXING = YES;
				GCC_C_LANGUAGE_STANDARD = gnu17;
				GCC_DYNAMIC_NO_PIC = NO;
				GCC_NO_COMMON_BLOCKS = YES;
				GCC_OPTIMIZATION_LEVEL = 0;
				GCC_PREPROCESSOR_DEFINITIONS = (
					"DEBUG=1",
					"$(inherited)",
				);
				GCC_WARN_64_TO_32_BIT_CONVERSION = YES;
				GCC_WARN_ABOUT_RETURN_TYPE = YES_ERROR;
				GCC_WARN_UNDECLARED_SELECTOR = YES;
				GCC_WARN_UNINITIALIZED_AUTOS = YES_AGGRESSIVE;
				GCC_WARN_UNUSED_FUNCTION = YES;
				GCC_WARN_UNUSED_VARIABLE = YES;
				IPHONEOS_DEPLOYMENT_TARGET = 17.0;
				LOCALIZATION_PREFERS_STRING_CATALOGS = YES;
				MTL_ENABLE_DEBUG_INFO = INCLUDE_SOURCE;
				MTL_FAST_MATH = YES;
				ONLY_ACTIVE_ARCH = YES;
				SDKROOT = iphoneos;
				SWIFT_ACTIVE_COMPILATION_CONDITIONS = "DEBUG $(inherited)";
				SWIFT_OPTIMIZATION_LEVEL = "-Onone";
			};
			name = Debug;
		};
		61CF956A2A8948DA00DAE635 /* Release */ = {
			isa = XCBuildConfiguration;
			buildSettings = {
				ALWAYS_SEARCH_USER_PATHS = NO;
				ASSETCATALOG_COMPILER_GENERATE_SWIFT_ASSET_SYMBOL_EXTENSIONS = YES;
				CLANG_ANALYZER_NONNULL = YES;
				CLANG_ANALYZER_NUMBER_OBJECT_CONVERSION = YES_AGGRESSIVE;
				CLANG_CXX_LANGUAGE_STANDARD = "gnu++20";
				CLANG_ENABLE_MODULES = YES;
				CLANG_ENABLE_OBJC_ARC = YES;
				CLANG_ENABLE_OBJC_WEAK = YES;
				CLANG_WARN_BLOCK_CAPTURE_AUTORELEASING = YES;
				CLANG_WARN_BOOL_CONVERSION = YES;
				CLANG_WARN_COMMA = YES;
				CLANG_WARN_CONSTANT_CONVERSION = YES;
				CLANG_WARN_DEPRECATED_OBJC_IMPLEMENTATIONS = YES;
				CLANG_WARN_DIRECT_OBJC_ISA_USAGE = YES_ERROR;
				CLANG_WARN_DOCUMENTATION_COMMENTS = YES;
				CLANG_WARN_EMPTY_BODY = YES;
				CLANG_WARN_ENUM_CONVERSION = YES;
				CLANG_WARN_INFINITE_RECURSION = YES;
				CLANG_WARN_INT_CONVERSION = YES;
				CLANG_WARN_NON_LITERAL_NULL_CONVERSION = YES;
				CLANG_WARN_OBJC_IMPLICIT_RETAIN_SELF = YES;
				CLANG_WARN_OBJC_LITERAL_CONVERSION = YES;
				CLANG_WARN_OBJC_ROOT_CLASS = YES_ERROR;
				CLANG_WARN_QUOTED_INCLUDE_IN_FRAMEWORK_HEADER = YES;
				CLANG_WARN_RANGE_LOOP_ANALYSIS = YES;
				CLANG_WARN_STRICT_PROTOTYPES = YES;
				CLANG_WARN_SUSPICIOUS_MOVE = YES;
				CLANG_WARN_UNGUARDED_AVAILABILITY = YES_AGGRESSIVE;
				CLANG_WARN_UNREACHABLE_CODE = YES;
				CLANG_WARN__DUPLICATE_METHOD_MATCH = YES;
				COPY_PHASE_STRIP = NO;
				DEBUG_INFORMATION_FORMAT = "dwarf-with-dsym";
				ENABLE_NS_ASSERTIONS = NO;
				ENABLE_STRICT_OBJC_MSGSEND = YES;
				ENABLE_USER_SCRIPT_SANDBOXING = YES;
				GCC_C_LANGUAGE_STANDARD = gnu17;
				GCC_NO_COMMON_BLOCKS = YES;
				GCC_WARN_64_TO_32_BIT_CONVERSION = YES;
				GCC_WARN_ABOUT_RETURN_TYPE = YES_ERROR;
				GCC_WARN_UNDECLARED_SELECTOR = YES;
				GCC_WARN_UNINITIALIZED_AUTOS = YES_AGGRESSIVE;
				GCC_WARN_UNUSED_FUNCTION = YES;
				GCC_WARN_UNUSED_VARIABLE = YES;
				IPHONEOS_DEPLOYMENT_TARGET = 17.0;
				LOCALIZATION_PREFERS_STRING_CATALOGS = YES;
				MTL_ENABLE_DEBUG_INFO = NO;
				MTL_FAST_MATH = YES;
				SDKROOT = iphoneos;
				SWIFT_COMPILATION_MODE = wholemodule;
				VALIDATE_PRODUCT = YES;
			};
			name = Release;
		};
		61CF956C2A8948DA00DAE635 /* Debug */ = {
			isa = XCBuildConfiguration;
			buildSettings = {
				ASSETCATALOG_COMPILER_APPICON_NAME = AppIcon;
				ASSETCATALOG_COMPILER_GLOBAL_ACCENT_COLOR_NAME = AccentColor;
				CODE_SIGN_STYLE = Automatic;
				CURRENT_PROJECT_VERSION = 1;
				DEVELOPMENT_TEAM = K87XPR878Y;
				GENERATE_INFOPLIST_FILE = YES;
				INFOPLIST_FILE = CameraTok/Info.plist;
				INFOPLIST_KEY_NSPhotoLibraryUsageDescription = "Help you to organize your gallery in a nicer way!";
				INFOPLIST_KEY_UIApplicationSupportsIndirectInputEvents = YES;
				INFOPLIST_KEY_UILaunchStoryboardName = LaunchScreen;
				INFOPLIST_KEY_UIMainStoryboardFile = Main;
				INFOPLIST_KEY_UISupportedInterfaceOrientations_iPad = "UIInterfaceOrientationPortrait UIInterfaceOrientationPortraitUpsideDown UIInterfaceOrientationLandscapeLeft UIInterfaceOrientationLandscapeRight";
				INFOPLIST_KEY_UISupportedInterfaceOrientations_iPhone = "UIInterfaceOrientationPortrait UIInterfaceOrientationLandscapeLeft UIInterfaceOrientationLandscapeRight";
				IPHONEOS_DEPLOYMENT_TARGET = 16.0;
				LD_RUNPATH_SEARCH_PATHS = (
					"$(inherited)",
					"@executable_path/Frameworks",
				);
				MARKETING_VERSION = 1.0;
				PRODUCT_BUNDLE_IDENTIFIER = com.app.CameraTok;
				PRODUCT_NAME = "$(TARGET_NAME)";
				SWIFT_EMIT_LOC_STRINGS = YES;
				SWIFT_VERSION = 5.0;
				TARGETED_DEVICE_FAMILY = "1,2";
			};
			name = Debug;
		};
		61CF956D2A8948DA00DAE635 /* Release */ = {
			isa = XCBuildConfiguration;
			buildSettings = {
				ASSETCATALOG_COMPILER_APPICON_NAME = AppIcon;
				ASSETCATALOG_COMPILER_GLOBAL_ACCENT_COLOR_NAME = AccentColor;
				CODE_SIGN_STYLE = Automatic;
				CURRENT_PROJECT_VERSION = 1;
				DEVELOPMENT_TEAM = K87XPR878Y;
				GENERATE_INFOPLIST_FILE = YES;
				INFOPLIST_FILE = CameraTok/Info.plist;
				INFOPLIST_KEY_NSPhotoLibraryUsageDescription = "Help you to organize your gallery in a nicer way!";
				INFOPLIST_KEY_UIApplicationSupportsIndirectInputEvents = YES;
				INFOPLIST_KEY_UILaunchStoryboardName = LaunchScreen;
				INFOPLIST_KEY_UIMainStoryboardFile = Main;
				INFOPLIST_KEY_UISupportedInterfaceOrientations_iPad = "UIInterfaceOrientationPortrait UIInterfaceOrientationPortraitUpsideDown UIInterfaceOrientationLandscapeLeft UIInterfaceOrientationLandscapeRight";
				INFOPLIST_KEY_UISupportedInterfaceOrientations_iPhone = "UIInterfaceOrientationPortrait UIInterfaceOrientationLandscapeLeft UIInterfaceOrientationLandscapeRight";
				IPHONEOS_DEPLOYMENT_TARGET = 16.0;
				LD_RUNPATH_SEARCH_PATHS = (
					"$(inherited)",
					"@executable_path/Frameworks",
				);
				MARKETING_VERSION = 1.0;
				PRODUCT_BUNDLE_IDENTIFIER = com.app.CameraTok;
				PRODUCT_NAME = "$(TARGET_NAME)";
				SWIFT_EMIT_LOC_STRINGS = YES;
				SWIFT_VERSION = 5.0;
				TARGETED_DEVICE_FAMILY = "1,2";
			};
			name = Release;
		};
		61CF956F2A8948DA00DAE635 /* Debug */ = {
			isa = XCBuildConfiguration;
			buildSettings = {
				ALWAYS_EMBED_SWIFT_STANDARD_LIBRARIES = YES;
				BUNDLE_LOADER = "$(TEST_HOST)";
				CODE_SIGN_STYLE = Automatic;
				CURRENT_PROJECT_VERSION = 1;
				DEVELOPMENT_TEAM = K87XPR878Y;
				GENERATE_INFOPLIST_FILE = YES;
				INFOPLIST_KEY_NSPhotoLibraryUsageDescription = "Help you to organize your gallery in a nicer way!";
				IPHONEOS_DEPLOYMENT_TARGET = 16.0;
				MARKETING_VERSION = 1.0;
				PRODUCT_BUNDLE_IDENTIFIER = com.app.CameraTokTests;
				PRODUCT_NAME = "$(TARGET_NAME)";
				SWIFT_EMIT_LOC_STRINGS = NO;
				SWIFT_VERSION = 5.0;
				TARGETED_DEVICE_FAMILY = "1,2";
				TEST_HOST = "$(BUILT_PRODUCTS_DIR)/CameraTok.app/$(BUNDLE_EXECUTABLE_FOLDER_PATH)/CameraTok";
			};
			name = Debug;
		};
		61CF95702A8948DA00DAE635 /* Release */ = {
			isa = XCBuildConfiguration;
			buildSettings = {
				ALWAYS_EMBED_SWIFT_STANDARD_LIBRARIES = YES;
				BUNDLE_LOADER = "$(TEST_HOST)";
				CODE_SIGN_STYLE = Automatic;
				CURRENT_PROJECT_VERSION = 1;
				DEVELOPMENT_TEAM = K87XPR878Y;
				GENERATE_INFOPLIST_FILE = YES;
				INFOPLIST_KEY_NSPhotoLibraryUsageDescription = "Help you to organize your gallery in a nicer way!";
				IPHONEOS_DEPLOYMENT_TARGET = 16.0;
				MARKETING_VERSION = 1.0;
				PRODUCT_BUNDLE_IDENTIFIER = com.app.CameraTokTests;
				PRODUCT_NAME = "$(TARGET_NAME)";
				SWIFT_EMIT_LOC_STRINGS = NO;
				SWIFT_VERSION = 5.0;
				TARGETED_DEVICE_FAMILY = "1,2";
				TEST_HOST = "$(BUILT_PRODUCTS_DIR)/CameraTok.app/$(BUNDLE_EXECUTABLE_FOLDER_PATH)/CameraTok";
			};
			name = Release;
		};
		61CF95722A8948DA00DAE635 /* Debug */ = {
			isa = XCBuildConfiguration;
			buildSettings = {
				ALWAYS_EMBED_SWIFT_STANDARD_LIBRARIES = YES;
				CODE_SIGN_STYLE = Automatic;
				CURRENT_PROJECT_VERSION = 1;
				DEVELOPMENT_TEAM = K87XPR878Y;
				GENERATE_INFOPLIST_FILE = YES;
				IPHONEOS_DEPLOYMENT_TARGET = 16.0;
				MARKETING_VERSION = 1.0;
				PRODUCT_BUNDLE_IDENTIFIER = com.app.CameraTokUITests;
				PRODUCT_NAME = "$(TARGET_NAME)";
				SWIFT_EMIT_LOC_STRINGS = NO;
				SWIFT_VERSION = 5.0;
				TARGETED_DEVICE_FAMILY = "1,2";
				TEST_TARGET_NAME = CameraTok;
			};
			name = Debug;
		};
		61CF95732A8948DA00DAE635 /* Release */ = {
			isa = XCBuildConfiguration;
			buildSettings = {
				ALWAYS_EMBED_SWIFT_STANDARD_LIBRARIES = YES;
				CODE_SIGN_STYLE = Automatic;
				CURRENT_PROJECT_VERSION = 1;
				DEVELOPMENT_TEAM = K87XPR878Y;
				GENERATE_INFOPLIST_FILE = YES;
				IPHONEOS_DEPLOYMENT_TARGET = 16.0;
				MARKETING_VERSION = 1.0;
				PRODUCT_BUNDLE_IDENTIFIER = com.app.CameraTokUITests;
				PRODUCT_NAME = "$(TARGET_NAME)";
				SWIFT_EMIT_LOC_STRINGS = NO;
				SWIFT_VERSION = 5.0;
				TARGETED_DEVICE_FAMILY = "1,2";
				TEST_TARGET_NAME = CameraTok;
			};
			name = Release;
		};
/* End XCBuildConfiguration section */

/* Begin XCConfigurationList section */
		61CF953C2A8948D600DAE635 /* Build configuration list for PBXProject "CameraTok" */ = {
			isa = XCConfigurationList;
			buildConfigurations = (
				61CF95692A8948DA00DAE635 /* Debug */,
				61CF956A2A8948DA00DAE635 /* Release */,
			);
			defaultConfigurationIsVisible = 0;
			defaultConfigurationName = Release;
		};
		61CF956B2A8948DA00DAE635 /* Build configuration list for PBXNativeTarget "CameraTok" */ = {
			isa = XCConfigurationList;
			buildConfigurations = (
				61CF956C2A8948DA00DAE635 /* Debug */,
				61CF956D2A8948DA00DAE635 /* Release */,
			);
			defaultConfigurationIsVisible = 0;
			defaultConfigurationName = Release;
		};
		61CF956E2A8948DA00DAE635 /* Build configuration list for PBXNativeTarget "CameraTokTests" */ = {
			isa = XCConfigurationList;
			buildConfigurations = (
				61CF956F2A8948DA00DAE635 /* Debug */,
				61CF95702A8948DA00DAE635 /* Release */,
			);
			defaultConfigurationIsVisible = 0;
			defaultConfigurationName = Release;
		};
		61CF95712A8948DA00DAE635 /* Build configuration list for PBXNativeTarget "CameraTokUITests" */ = {
			isa = XCConfigurationList;
			buildConfigurations = (
				61CF95722A8948DA00DAE635 /* Debug */,
				61CF95732A8948DA00DAE635 /* Release */,
			);
			defaultConfigurationIsVisible = 0;
			defaultConfigurationName = Release;
		};
/* End XCConfigurationList section */
	};
	rootObject = 61CF95392A8948D600DAE635 /* Project object */;
}
